// !$*UTF8*$!
{
	archiveVersion = 1;
	classes = {
	};
	objectVersion = 46;
	objects = {

/* Begin PBXBuildFile section */
		4DCA36F8360A402B01CB2983 /* Pods_good.framework in Frameworks */ = {isa = PBXBuildFile; fileRef = 85A400B4BC50DF6F45FEB953 /* Pods_good.framework */; };
		D30D8DA81E158D3E00E1FA7E /* SignInVC.swift in Sources */ = {isa = PBXBuildFile; fileRef = D30D8DA71E158D3E00E1FA7E /* SignInVC.swift */; };
		D30D8DB11E15B96600E1FA7E /* RoundImage.swift in Sources */ = {isa = PBXBuildFile; fileRef = D30D8DB01E15B96600E1FA7E /* RoundImage.swift */; };
		D30D8DB31E15D4E500E1FA7E /* AspectFitButton.swift in Sources */ = {isa = PBXBuildFile; fileRef = D30D8DB21E15D4E500E1FA7E /* AspectFitButton.swift */; };
		D30D8DB61E16F5FA00E1FA7E /* UIViewControllerExtensions.swift in Sources */ = {isa = PBXBuildFile; fileRef = D30D8DB51E16F5FA00E1FA7E /* UIViewControllerExtensions.swift */; };
		D32357261EB9ABB500F9C6D3 /* DoneGoodVC.swift in Sources */ = {isa = PBXBuildFile; fileRef = D32357251EB9ABB500F9C6D3 /* DoneGoodVC.swift */; };
		D34334141E766DF20091DB69 /* RoundLabel.swift in Sources */ = {isa = PBXBuildFile; fileRef = D34334131E766DF20091DB69 /* RoundLabel.swift */; };
		D347EA4C1EB2799800937355 /* ChatParentVC.swift in Sources */ = {isa = PBXBuildFile; fileRef = D347EA4B1EB2799800937355 /* ChatParentVC.swift */; };
		D347EA4E1EB3B6BC00937355 /* SocialInfoVC.swift in Sources */ = {isa = PBXBuildFile; fileRef = D347EA4D1EB3B6BC00937355 /* SocialInfoVC.swift */; };
		D34873B61E1314F50083331C /* AppDelegate.swift in Sources */ = {isa = PBXBuildFile; fileRef = D34873B51E1314F50083331C /* AppDelegate.swift */; };
		D34873BB1E1314F50083331C /* Main.storyboard in Resources */ = {isa = PBXBuildFile; fileRef = D34873B91E1314F50083331C /* Main.storyboard */; };
		D34873BE1E1314F50083331C /* good.xcdatamodeld in Sources */ = {isa = PBXBuildFile; fileRef = D34873BC1E1314F50083331C /* good.xcdatamodeld */; };
		D34873C01E1314F50083331C /* Assets.xcassets in Resources */ = {isa = PBXBuildFile; fileRef = D34873BF1E1314F50083331C /* Assets.xcassets */; };
		D34873C31E1314F50083331C /* LaunchScreen.storyboard in Resources */ = {isa = PBXBuildFile; fileRef = D34873C11E1314F50083331C /* LaunchScreen.storyboard */; };
		D34A79771E1D6E9A00CFF7AC /* MapVC.swift in Sources */ = {isa = PBXBuildFile; fileRef = D34A79761E1D6E9A00CFF7AC /* MapVC.swift */; };
		D34BE9031E7BA32D00C92B1A /* Message.swift in Sources */ = {isa = PBXBuildFile; fileRef = D34BE9021E7BA32D00C92B1A /* Message.swift */; };
		D34BE9051E7CB36B00C92B1A /* ChatRoom.swift in Sources */ = {isa = PBXBuildFile; fileRef = D34BE9041E7CB36B00C92B1A /* ChatRoom.swift */; };
		D34BE9071E7D820A00C92B1A /* ChatFunctions.swift in Sources */ = {isa = PBXBuildFile; fileRef = D34BE9061E7D820A00C92B1A /* ChatFunctions.swift */; };
		D34F38DD1E778B7100DC7C6C /* RoundView.swift in Sources */ = {isa = PBXBuildFile; fileRef = D34F38DC1E778B7100DC7C6C /* RoundView.swift */; };
		D34F38DF1E789FB100DC7C6C /* Coordinate.swift in Sources */ = {isa = PBXBuildFile; fileRef = D34F38DE1E789FB100DC7C6C /* Coordinate.swift */; };
		D3706B5F1EAE859C00C73882 /* FormInfoVC.swift in Sources */ = {isa = PBXBuildFile; fileRef = D3706B5E1EAE859C00C73882 /* FormInfoVC.swift */; };
		D3706B611EAE85C700C73882 /* FormTypeVC.swift in Sources */ = {isa = PBXBuildFile; fileRef = D3706B601EAE85C700C73882 /* FormTypeVC.swift */; };
		D3706B631EAE85EE00C73882 /* FormSpecificVC.swift in Sources */ = {isa = PBXBuildFile; fileRef = D3706B621EAE85EE00C73882 /* FormSpecificVC.swift */; };
		D3706B651EAE85FF00C73882 /* FormEnterVC.swift in Sources */ = {isa = PBXBuildFile; fileRef = D3706B641EAE85FF00C73882 /* FormEnterVC.swift */; };
		D37429311E2ECA2500DA18E4 /* FormCell.swift in Sources */ = {isa = PBXBuildFile; fileRef = D37429301E2ECA2500DA18E4 /* FormCell.swift */; };
		D378ECC91E255C6A00A3611F /* AuthService.swift in Sources */ = {isa = PBXBuildFile; fileRef = D378ECC81E255C6A00A3611F /* AuthService.swift */; };
		D378ECCC1E25D2FB00A3611F /* User.swift in Sources */ = {isa = PBXBuildFile; fileRef = D378ECCB1E25D2FB00A3611F /* User.swift */; };
		D39137151E1D8033001526B1 /* ProfileVC.swift in Sources */ = {isa = PBXBuildFile; fileRef = D39137141E1D8033001526B1 /* ProfileVC.swift */; };
		D39137171E1D804A001526B1 /* MessagingVC.swift in Sources */ = {isa = PBXBuildFile; fileRef = D39137161E1D804A001526B1 /* MessagingVC.swift */; };
		D39137191E1D8096001526B1 /* MapKit.framework in Frameworks */ = {isa = PBXBuildFile; fileRef = D39137181E1D8096001526B1 /* MapKit.framework */; };
		D391371B1E1DEE3E001526B1 /* SignUpVC.swift in Sources */ = {isa = PBXBuildFile; fileRef = D391371A1E1DEE3E001526B1 /* SignUpVC.swift */; };
		D391371D1E1DF5CB001526B1 /* FormVC.swift in Sources */ = {isa = PBXBuildFile; fileRef = D391371C1E1DF5CB001526B1 /* FormVC.swift */; };
		D39593E51E2EB61D007FCD0F /* SettingsVC.swift in Sources */ = {isa = PBXBuildFile; fileRef = D39593E41E2EB61D007FCD0F /* SettingsVC.swift */; };
		D3A1E6F21E13990700F53173 /* GoogleService-Info.plist in Resources */ = {isa = PBXBuildFile; fileRef = D3A1E6F11E13990700F53173 /* GoogleService-Info.plist */; };
		D3C074CF1E17154000BCC927 /* Constants.swift in Sources */ = {isa = PBXBuildFile; fileRef = D3C074CE1E17154000BCC927 /* Constants.swift */; };
		D3C8576D1E2A89F300DDA3D5 /* Form.swift in Sources */ = {isa = PBXBuildFile; fileRef = D3C8576C1E2A89F300DDA3D5 /* Form.swift */; };
		D3EF81A01E6DF2F6006F70F8 /* FormDataService.swift in Sources */ = {isa = PBXBuildFile; fileRef = D3EF819F1E6DF2F6006F70F8 /* FormDataService.swift */; };
		D3FDC6C91E2EB23500F12A8A /* UserDataService.swift in Sources */ = {isa = PBXBuildFile; fileRef = D3FDC6C81E2EB23500F12A8A /* UserDataService.swift */; };
		D3FDC6CB1E2EB3A500F12A8A /* ChatVC.swift in Sources */ = {isa = PBXBuildFile; fileRef = D3FDC6CA1E2EB3A500F12A8A /* ChatVC.swift */; };
/* End PBXBuildFile section */

/* Begin PBXFileReference section */
		28F8545B7F92C9CE6CDCEEB0 /* Pods-good.debug.xcconfig */ = {isa = PBXFileReference; includeInIndex = 1; lastKnownFileType = text.xcconfig; name = "Pods-good.debug.xcconfig"; path = "Pods/Target Support Files/Pods-good/Pods-good.debug.xcconfig"; sourceTree = "<group>"; };
		5138649D8647B26A5A9E6426 /* Pods-good.release.xcconfig */ = {isa = PBXFileReference; includeInIndex = 1; lastKnownFileType = text.xcconfig; name = "Pods-good.release.xcconfig"; path = "Pods/Target Support Files/Pods-good/Pods-good.release.xcconfig"; sourceTree = "<group>"; };
		85A400B4BC50DF6F45FEB953 /* Pods_good.framework */ = {isa = PBXFileReference; explicitFileType = wrapper.framework; includeInIndex = 0; path = Pods_good.framework; sourceTree = BUILT_PRODUCTS_DIR; };
		D30D8DA71E158D3E00E1FA7E /* SignInVC.swift */ = {isa = PBXFileReference; fileEncoding = 4; lastKnownFileType = sourcecode.swift; path = SignInVC.swift; sourceTree = "<group>"; };
		D30D8DB01E15B96600E1FA7E /* RoundImage.swift */ = {isa = PBXFileReference; fileEncoding = 4; lastKnownFileType = sourcecode.swift; path = RoundImage.swift; sourceTree = "<group>"; };
		D30D8DB21E15D4E500E1FA7E /* AspectFitButton.swift */ = {isa = PBXFileReference; fileEncoding = 4; lastKnownFileType = sourcecode.swift; path = AspectFitButton.swift; sourceTree = "<group>"; };
		D30D8DB51E16F5FA00E1FA7E /* UIViewControllerExtensions.swift */ = {isa = PBXFileReference; fileEncoding = 4; lastKnownFileType = sourcecode.swift; path = UIViewControllerExtensions.swift; sourceTree = "<group>"; };
		D32357251EB9ABB500F9C6D3 /* DoneGoodVC.swift */ = {isa = PBXFileReference; fileEncoding = 4; lastKnownFileType = sourcecode.swift; path = DoneGoodVC.swift; sourceTree = "<group>"; };
		D34334131E766DF20091DB69 /* RoundLabel.swift */ = {isa = PBXFileReference; fileEncoding = 4; lastKnownFileType = sourcecode.swift; path = RoundLabel.swift; sourceTree = "<group>"; };
		D347EA4B1EB2799800937355 /* ChatParentVC.swift */ = {isa = PBXFileReference; fileEncoding = 4; lastKnownFileType = sourcecode.swift; path = ChatParentVC.swift; sourceTree = "<group>"; };
		D347EA4D1EB3B6BC00937355 /* SocialInfoVC.swift */ = {isa = PBXFileReference; fileEncoding = 4; lastKnownFileType = sourcecode.swift; path = SocialInfoVC.swift; sourceTree = "<group>"; };
		D34873B21E1314F50083331C /* good.app */ = {isa = PBXFileReference; explicitFileType = wrapper.application; includeInIndex = 0; path = good.app; sourceTree = BUILT_PRODUCTS_DIR; };
		D34873B51E1314F50083331C /* AppDelegate.swift */ = {isa = PBXFileReference; lastKnownFileType = sourcecode.swift; path = AppDelegate.swift; sourceTree = "<group>"; };
		D34873BA1E1314F50083331C /* Base */ = {isa = PBXFileReference; lastKnownFileType = file.storyboard; name = Base; path = Base.lproj/Main.storyboard; sourceTree = "<group>"; };
		D34873BD1E1314F50083331C /* good.xcdatamodel */ = {isa = PBXFileReference; lastKnownFileType = wrapper.xcdatamodel; path = good.xcdatamodel; sourceTree = "<group>"; };
		D34873BF1E1314F50083331C /* Assets.xcassets */ = {isa = PBXFileReference; lastKnownFileType = folder.assetcatalog; path = Assets.xcassets; sourceTree = "<group>"; };
		D34873C21E1314F50083331C /* Base */ = {isa = PBXFileReference; lastKnownFileType = file.storyboard; name = Base; path = Base.lproj/LaunchScreen.storyboard; sourceTree = "<group>"; };
		D34873C41E1314F50083331C /* Info.plist */ = {isa = PBXFileReference; lastKnownFileType = text.plist.xml; path = Info.plist; sourceTree = "<group>"; };
		D34A79761E1D6E9A00CFF7AC /* MapVC.swift */ = {isa = PBXFileReference; fileEncoding = 4; lastKnownFileType = sourcecode.swift; path = MapVC.swift; sourceTree = "<group>"; };
		D34BE9021E7BA32D00C92B1A /* Message.swift */ = {isa = PBXFileReference; fileEncoding = 4; lastKnownFileType = sourcecode.swift; path = Message.swift; sourceTree = "<group>"; };
		D34BE9041E7CB36B00C92B1A /* ChatRoom.swift */ = {isa = PBXFileReference; fileEncoding = 4; lastKnownFileType = sourcecode.swift; path = ChatRoom.swift; sourceTree = "<group>"; };
		D34BE9061E7D820A00C92B1A /* ChatFunctions.swift */ = {isa = PBXFileReference; fileEncoding = 4; lastKnownFileType = sourcecode.swift; path = ChatFunctions.swift; sourceTree = "<group>"; };
		D34F38DC1E778B7100DC7C6C /* RoundView.swift */ = {isa = PBXFileReference; fileEncoding = 4; lastKnownFileType = sourcecode.swift; path = RoundView.swift; sourceTree = "<group>"; };
		D34F38DE1E789FB100DC7C6C /* Coordinate.swift */ = {isa = PBXFileReference; fileEncoding = 4; lastKnownFileType = sourcecode.swift; path = Coordinate.swift; sourceTree = "<group>"; };
		D3706B5E1EAE859C00C73882 /* FormInfoVC.swift */ = {isa = PBXFileReference; fileEncoding = 4; lastKnownFileType = sourcecode.swift; path = FormInfoVC.swift; sourceTree = "<group>"; };
		D3706B601EAE85C700C73882 /* FormTypeVC.swift */ = {isa = PBXFileReference; fileEncoding = 4; lastKnownFileType = sourcecode.swift; path = FormTypeVC.swift; sourceTree = "<group>"; };
		D3706B621EAE85EE00C73882 /* FormSpecificVC.swift */ = {isa = PBXFileReference; fileEncoding = 4; lastKnownFileType = sourcecode.swift; path = FormSpecificVC.swift; sourceTree = "<group>"; };
		D3706B641EAE85FF00C73882 /* FormEnterVC.swift */ = {isa = PBXFileReference; fileEncoding = 4; lastKnownFileType = sourcecode.swift; path = FormEnterVC.swift; sourceTree = "<group>"; };
		D37429301E2ECA2500DA18E4 /* FormCell.swift */ = {isa = PBXFileReference; fileEncoding = 4; lastKnownFileType = sourcecode.swift; path = FormCell.swift; sourceTree = "<group>"; };
		D378ECC81E255C6A00A3611F /* AuthService.swift */ = {isa = PBXFileReference; fileEncoding = 4; lastKnownFileType = sourcecode.swift; path = AuthService.swift; sourceTree = "<group>"; };
		D378ECCB1E25D2FB00A3611F /* User.swift */ = {isa = PBXFileReference; fileEncoding = 4; lastKnownFileType = sourcecode.swift; path = User.swift; sourceTree = "<group>"; };
		D39137141E1D8033001526B1 /* ProfileVC.swift */ = {isa = PBXFileReference; fileEncoding = 4; lastKnownFileType = sourcecode.swift; path = ProfileVC.swift; sourceTree = "<group>"; };
		D39137161E1D804A001526B1 /* MessagingVC.swift */ = {isa = PBXFileReference; fileEncoding = 4; lastKnownFileType = sourcecode.swift; path = MessagingVC.swift; sourceTree = "<group>"; };
		D39137181E1D8096001526B1 /* MapKit.framework */ = {isa = PBXFileReference; lastKnownFileType = wrapper.framework; name = MapKit.framework; path = System/Library/Frameworks/MapKit.framework; sourceTree = SDKROOT; };
		D391371A1E1DEE3E001526B1 /* SignUpVC.swift */ = {isa = PBXFileReference; fileEncoding = 4; lastKnownFileType = sourcecode.swift; path = SignUpVC.swift; sourceTree = "<group>"; };
		D391371C1E1DF5CB001526B1 /* FormVC.swift */ = {isa = PBXFileReference; fileEncoding = 4; lastKnownFileType = sourcecode.swift; path = FormVC.swift; sourceTree = "<group>"; };
		D39593E41E2EB61D007FCD0F /* SettingsVC.swift */ = {isa = PBXFileReference; fileEncoding = 4; lastKnownFileType = sourcecode.swift; path = SettingsVC.swift; sourceTree = "<group>"; };
		D3A1E6F01E137D7000F53173 /* good.entitlements */ = {isa = PBXFileReference; lastKnownFileType = text.plist.entitlements; path = good.entitlements; sourceTree = "<group>"; };
		D3A1E6F11E13990700F53173 /* GoogleService-Info.plist */ = {isa = PBXFileReference; fileEncoding = 4; lastKnownFileType = text.plist.xml; path = "GoogleService-Info.plist"; sourceTree = "<group>"; };
		D3C074CE1E17154000BCC927 /* Constants.swift */ = {isa = PBXFileReference; fileEncoding = 4; lastKnownFileType = sourcecode.swift; path = Constants.swift; sourceTree = "<group>"; };
		D3C8576C1E2A89F300DDA3D5 /* Form.swift */ = {isa = PBXFileReference; fileEncoding = 4; lastKnownFileType = sourcecode.swift; path = Form.swift; sourceTree = "<group>"; };
		D3EF819F1E6DF2F6006F70F8 /* FormDataService.swift */ = {isa = PBXFileReference; fileEncoding = 4; lastKnownFileType = sourcecode.swift; path = FormDataService.swift; sourceTree = "<group>"; };
		D3FDC6C81E2EB23500F12A8A /* UserDataService.swift */ = {isa = PBXFileReference; fileEncoding = 4; lastKnownFileType = sourcecode.swift; path = UserDataService.swift; sourceTree = "<group>"; };
		D3FDC6CA1E2EB3A500F12A8A /* ChatVC.swift */ = {isa = PBXFileReference; fileEncoding = 4; lastKnownFileType = sourcecode.swift; path = ChatVC.swift; sourceTree = "<group>"; };
/* End PBXFileReference section */

/* Begin PBXFrameworksBuildPhase section */
		D34873AF1E1314F50083331C /* Frameworks */ = {
			isa = PBXFrameworksBuildPhase;
			buildActionMask = 2147483647;
			files = (
				D39137191E1D8096001526B1 /* MapKit.framework in Frameworks */,
				4DCA36F8360A402B01CB2983 /* Pods_good.framework in Frameworks */,
			);
			runOnlyForDeploymentPostprocessing = 0;
		};
/* End PBXFrameworksBuildPhase section */

/* Begin PBXGroup section */
		04E8526FB16273EB666F94D5 /* Pods */ = {
			isa = PBXGroup;
			children = (
				28F8545B7F92C9CE6CDCEEB0 /* Pods-good.debug.xcconfig */,
				5138649D8647B26A5A9E6426 /* Pods-good.release.xcconfig */,
			);
			name = Pods;
			sourceTree = "<group>";
		};
		D30D8DA11E1469E300E1FA7E /* Views */ = {
			isa = PBXGroup;
			children = (
				D30D8DB01E15B96600E1FA7E /* RoundImage.swift */,
				D30D8DB21E15D4E500E1FA7E /* AspectFitButton.swift */,
				D37429301E2ECA2500DA18E4 /* FormCell.swift */,
				D34334131E766DF20091DB69 /* RoundLabel.swift */,
				D34F38DC1E778B7100DC7C6C /* RoundView.swift */,
			);
			name = Views;
			sourceTree = "<group>";
		};
		D30D8DA21E15793800E1FA7E /* Fonts */ = {
			isa = PBXGroup;
			children = (
			);
			name = Fonts;
			sourceTree = "<group>";
		};
		D30D8DA31E157AC600E1FA7E /* Storyboards */ = {
			isa = PBXGroup;
			children = (
				D34873B91E1314F50083331C /* Main.storyboard */,
				D34873C11E1314F50083331C /* LaunchScreen.storyboard */,
			);
			name = Storyboards;
			sourceTree = "<group>";
		};
		D30D8DA41E157AD600E1FA7E /* Controllers */ = {
			isa = PBXGroup;
			children = (
				D3706B5D1EAE82C500C73882 /* FormVCs */,
				D3EF81A51E70B9FD006F70F8 /* SocialVCs */,
				D3EF81A41E70B9D5006F70F8 /* MapVCs */,
				D3EF81A31E709EAE006F70F8 /* ProfileVCs */,
				D3EF81A21E709E9A006F70F8 /* AuthenticationVCs */,
			);
			name = Controllers;
			sourceTree = "<group>";
		};
		D30D8DB41E16F57100E1FA7E /* Extentions */ = {
			isa = PBXGroup;
			children = (
				D30D8DB51E16F5FA00E1FA7E /* UIViewControllerExtensions.swift */,
			);
			name = Extentions;
			sourceTree = "<group>";
		};
		D34873A91E1314F50083331C = {
			isa = PBXGroup;
			children = (
				D34873B41E1314F50083331C /* good */,
				D34873B31E1314F50083331C /* Products */,
				DF239CB9568F600E2328AA3D /* Frameworks */,
				04E8526FB16273EB666F94D5 /* Pods */,
			);
			sourceTree = "<group>";
		};
		D34873B31E1314F50083331C /* Products */ = {
			isa = PBXGroup;
			children = (
				D34873B21E1314F50083331C /* good.app */,
			);
			name = Products;
			sourceTree = "<group>";
		};
		D34873B41E1314F50083331C /* good */ = {
			isa = PBXGroup;
			children = (
				D3C074CD1E17153300BCC927 /* Util */,
				D30D8DB41E16F57100E1FA7E /* Extentions */,
				D378ECCA1E25D2C000A3611F /* Models */,
				D30D8DA41E157AD600E1FA7E /* Controllers */,
				D30D8DA11E1469E300E1FA7E /* Views */,
				D30D8DA31E157AC600E1FA7E /* Storyboards */,
				D3A1E6F31E139C8E00F53173 /* Resources */,
				D34873B51E1314F50083331C /* AppDelegate.swift */,
			);
			path = good;
			sourceTree = "<group>";
		};
		D3706B5D1EAE82C500C73882 /* FormVCs */ = {
			isa = PBXGroup;
			children = (
				D391371C1E1DF5CB001526B1 /* FormVC.swift */,
				D3706B5E1EAE859C00C73882 /* FormInfoVC.swift */,
				D3706B601EAE85C700C73882 /* FormTypeVC.swift */,
				D3706B621EAE85EE00C73882 /* FormSpecificVC.swift */,
				D3706B641EAE85FF00C73882 /* FormEnterVC.swift */,
			);
			name = FormVCs;
			sourceTree = "<group>";
		};
		D378ECCA1E25D2C000A3611F /* Models */ = {
			isa = PBXGroup;
			children = (
				D3EF81A11E709E85006F70F8 /* Services */,
				D378ECCB1E25D2FB00A3611F /* User.swift */,
				D3C8576C1E2A89F300DDA3D5 /* Form.swift */,
				D34F38DE1E789FB100DC7C6C /* Coordinate.swift */,
				D34BE9021E7BA32D00C92B1A /* Message.swift */,
				D34BE9041E7CB36B00C92B1A /* ChatRoom.swift */,
				D34BE9061E7D820A00C92B1A /* ChatFunctions.swift */,
			);
			name = Models;
			sourceTree = "<group>";
		};
		D3A1E6F31E139C8E00F53173 /* Resources */ = {
			isa = PBXGroup;
			children = (
				D30D8DA21E15793800E1FA7E /* Fonts */,
				D34873BC1E1314F50083331C /* good.xcdatamodeld */,
				D34873BF1E1314F50083331C /* Assets.xcassets */,
				D3A1E6F01E137D7000F53173 /* good.entitlements */,
				D3A1E6F11E13990700F53173 /* GoogleService-Info.plist */,
				D34873C41E1314F50083331C /* Info.plist */,
			);
			name = Resources;
			sourceTree = "<group>";
		};
		D3C074CD1E17153300BCC927 /* Util */ = {
			isa = PBXGroup;
			children = (
				D3C074CE1E17154000BCC927 /* Constants.swift */,
			);
			name = Util;
			sourceTree = "<group>";
		};
		D3EF81A11E709E85006F70F8 /* Services */ = {
			isa = PBXGroup;
			children = (
				D378ECC81E255C6A00A3611F /* AuthService.swift */,
				D3FDC6C81E2EB23500F12A8A /* UserDataService.swift */,
				D3EF819F1E6DF2F6006F70F8 /* FormDataService.swift */,
			);
			name = Services;
			sourceTree = "<group>";
		};
		D3EF81A21E709E9A006F70F8 /* AuthenticationVCs */ = {
			isa = PBXGroup;
			children = (
				D30D8DA71E158D3E00E1FA7E /* SignInVC.swift */,
				D391371A1E1DEE3E001526B1 /* SignUpVC.swift */,
			);
			name = AuthenticationVCs;
			sourceTree = "<group>";
		};
		D3EF81A31E709EAE006F70F8 /* ProfileVCs */ = {
			isa = PBXGroup;
			children = (
				D39137141E1D8033001526B1 /* ProfileVC.swift */,
				D39593E41E2EB61D007FCD0F /* SettingsVC.swift */,
			);
			name = ProfileVCs;
			sourceTree = "<group>";
		};
		D3EF81A41E70B9D5006F70F8 /* MapVCs */ = {
			isa = PBXGroup;
			children = (
				D34A79761E1D6E9A00CFF7AC /* MapVC.swift */,
			);
			name = MapVCs;
			sourceTree = "<group>";
		};
		D3EF81A51E70B9FD006F70F8 /* SocialVCs */ = {
			isa = PBXGroup;
			children = (
				D39137161E1D804A001526B1 /* MessagingVC.swift */,
				D3FDC6CA1E2EB3A500F12A8A /* ChatVC.swift */,
				D347EA4B1EB2799800937355 /* ChatParentVC.swift */,
				D347EA4D1EB3B6BC00937355 /* SocialInfoVC.swift */,
				D32357251EB9ABB500F9C6D3 /* DoneGoodVC.swift */,
			);
			name = SocialVCs;
			sourceTree = "<group>";
		};
		DF239CB9568F600E2328AA3D /* Frameworks */ = {
			isa = PBXGroup;
			children = (
				D39137181E1D8096001526B1 /* MapKit.framework */,
				85A400B4BC50DF6F45FEB953 /* Pods_good.framework */,
			);
			name = Frameworks;
			sourceTree = "<group>";
		};
/* End PBXGroup section */

/* Begin PBXNativeTarget section */
		D34873B11E1314F50083331C /* good */ = {
			isa = PBXNativeTarget;
			buildConfigurationList = D34873C71E1314F50083331C /* Build configuration list for PBXNativeTarget "good" */;
			buildPhases = (
				3EA909C2911F09F57E2085BF /* [CP] Check Pods Manifest.lock */,
				D34873AE1E1314F50083331C /* Sources */,
				D34873AF1E1314F50083331C /* Frameworks */,
				D34873B01E1314F50083331C /* Resources */,
				16FA145DB75D7B4CED23F314 /* [CP] Embed Pods Frameworks */,
				B5880062D7F83A959E00D98C /* [CP] Copy Pods Resources */,
			);
			buildRules = (
			);
			dependencies = (
			);
			name = good;
			productName = good;
			productReference = D34873B21E1314F50083331C /* good.app */;
			productType = "com.apple.product-type.application";
		};
/* End PBXNativeTarget section */

/* Begin PBXProject section */
		D34873AA1E1314F50083331C /* Project object */ = {
			isa = PBXProject;
			attributes = {
				LastSwiftUpdateCheck = 0820;
				LastUpgradeCheck = 0820;
				ORGANIZATIONNAME = "Brian-good.";
				TargetAttributes = {
					D34873B11E1314F50083331C = {
						CreatedOnToolsVersion = 8.2.1;
						DevelopmentTeam = R279MP7D2B;
						ProvisioningStyle = Automatic;
						SystemCapabilities = {
							com.apple.Keychain = {
								enabled = 1;
							};
							com.apple.Maps.iOS = {
								enabled = 1;
							};
							com.apple.Push = {
								enabled = 1;
							};
						};
					};
				};
			};
			buildConfigurationList = D34873AD1E1314F50083331C /* Build configuration list for PBXProject "good" */;
			compatibilityVersion = "Xcode 3.2";
			developmentRegion = English;
			hasScannedForEncodings = 0;
			knownRegions = (
				en,
				Base,
			);
			mainGroup = D34873A91E1314F50083331C;
			productRefGroup = D34873B31E1314F50083331C /* Products */;
			projectDirPath = "";
			projectRoot = "";
			targets = (
				D34873B11E1314F50083331C /* good */,
			);
		};
/* End PBXProject section */

/* Begin PBXResourcesBuildPhase section */
		D34873B01E1314F50083331C /* Resources */ = {
			isa = PBXResourcesBuildPhase;
			buildActionMask = 2147483647;
			files = (
				D34873C31E1314F50083331C /* LaunchScreen.storyboard in Resources */,
				D3A1E6F21E13990700F53173 /* GoogleService-Info.plist in Resources */,
				D34873C01E1314F50083331C /* Assets.xcassets in Resources */,
				D34873BB1E1314F50083331C /* Main.storyboard in Resources */,
			);
			runOnlyForDeploymentPostprocessing = 0;
		};
/* End PBXResourcesBuildPhase section */

/* Begin PBXShellScriptBuildPhase section */
		16FA145DB75D7B4CED23F314 /* [CP] Embed Pods Frameworks */ = {
			isa = PBXShellScriptBuildPhase;
			buildActionMask = 2147483647;
			files = (
			);
			inputPaths = (
			);
			name = "[CP] Embed Pods Frameworks";
			outputPaths = (
			);
			runOnlyForDeploymentPostprocessing = 0;
			shellPath = /bin/sh;
			shellScript = "\"${SRCROOT}/Pods/Target Support Files/Pods-good/Pods-good-frameworks.sh\"\n";
			showEnvVarsInLog = 0;
		};
		3EA909C2911F09F57E2085BF /* [CP] Check Pods Manifest.lock */ = {
			isa = PBXShellScriptBuildPhase;
			buildActionMask = 2147483647;
			files = (
			);
			inputPaths = (
			);
			name = "[CP] Check Pods Manifest.lock";
			outputPaths = (
			);
			runOnlyForDeploymentPostprocessing = 0;
			shellPath = /bin/sh;
			shellScript = "diff \"${PODS_ROOT}/../Podfile.lock\" \"${PODS_ROOT}/Manifest.lock\" > /dev/null\nif [ $? != 0 ] ; then\n    # print error to STDERR\n    echo \"error: The sandbox is not in sync with the Podfile.lock. Run 'pod install' or update your CocoaPods installation.\" >&2\n    exit 1\nfi\n";
			showEnvVarsInLog = 0;
		};
		B5880062D7F83A959E00D98C /* [CP] Copy Pods Resources */ = {
			isa = PBXShellScriptBuildPhase;
			buildActionMask = 2147483647;
			files = (
			);
			inputPaths = (
			);
			name = "[CP] Copy Pods Resources";
			outputPaths = (
			);
			runOnlyForDeploymentPostprocessing = 0;
			shellPath = /bin/sh;
			shellScript = "\"${SRCROOT}/Pods/Target Support Files/Pods-good/Pods-good-resources.sh\"\n";
			showEnvVarsInLog = 0;
		};
/* End PBXShellScriptBuildPhase section */

/* Begin PBXSourcesBuildPhase section */
		D34873AE1E1314F50083331C /* Sources */ = {
			isa = PBXSourcesBuildPhase;
			buildActionMask = 2147483647;
			files = (
				D39593E51E2EB61D007FCD0F /* SettingsVC.swift in Sources */,
				D34F38DD1E778B7100DC7C6C /* RoundView.swift in Sources */,
				D3FDC6CB1E2EB3A500F12A8A /* ChatVC.swift in Sources */,
				D34873BE1E1314F50083331C /* good.xcdatamodeld in Sources */,
				D34F38DF1E789FB100DC7C6C /* Coordinate.swift in Sources */,
				D3706B651EAE85FF00C73882 /* FormEnterVC.swift in Sources */,
				D347EA4C1EB2799800937355 /* ChatParentVC.swift in Sources */,
				D3EF81A01E6DF2F6006F70F8 /* FormDataService.swift in Sources */,
				D3706B611EAE85C700C73882 /* FormTypeVC.swift in Sources */,
				D30D8DB31E15D4E500E1FA7E /* AspectFitButton.swift in Sources */,
				D3C8576D1E2A89F300DDA3D5 /* Form.swift in Sources */,
				D30D8DB61E16F5FA00E1FA7E /* UIViewControllerExtensions.swift in Sources */,
				D391371B1E1DEE3E001526B1 /* SignUpVC.swift in Sources */,
				D347EA4E1EB3B6BC00937355 /* SocialInfoVC.swift in Sources */,
				D37429311E2ECA2500DA18E4 /* FormCell.swift in Sources */,
				D39137151E1D8033001526B1 /* ProfileVC.swift in Sources */,
				D30D8DA81E158D3E00E1FA7E /* SignInVC.swift in Sources */,
				D32357261EB9ABB500F9C6D3 /* DoneGoodVC.swift in Sources */,
				D378ECCC1E25D2FB00A3611F /* User.swift in Sources */,
				D378ECC91E255C6A00A3611F /* AuthService.swift in Sources */,
				D3706B631EAE85EE00C73882 /* FormSpecificVC.swift in Sources */,
				D34334141E766DF20091DB69 /* RoundLabel.swift in Sources */,
				D3C074CF1E17154000BCC927 /* Constants.swift in Sources */,
				D34BE9071E7D820A00C92B1A /* ChatFunctions.swift in Sources */,
				D34A79771E1D6E9A00CFF7AC /* MapVC.swift in Sources */,
				D34BE9051E7CB36B00C92B1A /* ChatRoom.swift in Sources */,
				D391371D1E1DF5CB001526B1 /* FormVC.swift in Sources */,
				D30D8DB11E15B96600E1FA7E /* RoundImage.swift in Sources */,
				D34873B61E1314F50083331C /* AppDelegate.swift in Sources */,
				D34BE9031E7BA32D00C92B1A /* Message.swift in Sources */,
				D3706B5F1EAE859C00C73882 /* FormInfoVC.swift in Sources */,
				D39137171E1D804A001526B1 /* MessagingVC.swift in Sources */,
				D3FDC6C91E2EB23500F12A8A /* UserDataService.swift in Sources */,
			);
			runOnlyForDeploymentPostprocessing = 0;
		};
/* End PBXSourcesBuildPhase section */

/* Begin PBXVariantGroup section */
		D34873B91E1314F50083331C /* Main.storyboard */ = {
			isa = PBXVariantGroup;
			children = (
				D34873BA1E1314F50083331C /* Base */,
			);
			name = Main.storyboard;
			sourceTree = "<group>";
		};
		D34873C11E1314F50083331C /* LaunchScreen.storyboard */ = {
			isa = PBXVariantGroup;
			children = (
				D34873C21E1314F50083331C /* Base */,
			);
			name = LaunchScreen.storyboard;
			sourceTree = "<group>";
		};
/* End PBXVariantGroup section */

/* Begin XCBuildConfiguration section */
		D34873C51E1314F50083331C /* Debug */ = {
			isa = XCBuildConfiguration;
			buildSettings = {
				ALWAYS_SEARCH_USER_PATHS = NO;
				CLANG_ANALYZER_NONNULL = YES;
				CLANG_CXX_LANGUAGE_STANDARD = "gnu++0x";
				CLANG_CXX_LIBRARY = "libc++";
				CLANG_ENABLE_MODULES = YES;
				CLANG_ENABLE_OBJC_ARC = YES;
				CLANG_WARN_BOOL_CONVERSION = YES;
				CLANG_WARN_CONSTANT_CONVERSION = YES;
				CLANG_WARN_DIRECT_OBJC_ISA_USAGE = YES_ERROR;
				CLANG_WARN_DOCUMENTATION_COMMENTS = YES;
				CLANG_WARN_EMPTY_BODY = YES;
				CLANG_WARN_ENUM_CONVERSION = YES;
				CLANG_WARN_INFINITE_RECURSION = YES;
				CLANG_WARN_INT_CONVERSION = YES;
				CLANG_WARN_OBJC_ROOT_CLASS = YES_ERROR;
				CLANG_WARN_SUSPICIOUS_MOVE = YES;
				CLANG_WARN_UNREACHABLE_CODE = YES;
				CLANG_WARN__DUPLICATE_METHOD_MATCH = YES;
				"CODE_SIGN_IDENTITY[sdk=iphoneos*]" = "iPhone Developer";
				COPY_PHASE_STRIP = NO;
				DEBUG_INFORMATION_FORMAT = dwarf;
				ENABLE_STRICT_OBJC_MSGSEND = YES;
				ENABLE_TESTABILITY = YES;
				GCC_C_LANGUAGE_STANDARD = gnu99;
				GCC_DYNAMIC_NO_PIC = NO;
				GCC_NO_COMMON_BLOCKS = YES;
				GCC_OPTIMIZATION_LEVEL = 0;
				GCC_PREPROCESSOR_DEFINITIONS = (
					"DEBUG=1",
					"$(inherited)",
				);
				GCC_WARN_64_TO_32_BIT_CONVERSION = YES;
				GCC_WARN_ABOUT_RETURN_TYPE = YES_ERROR;
				GCC_WARN_UNDECLARED_SELECTOR = YES;
				GCC_WARN_UNINITIALIZED_AUTOS = YES_AGGRESSIVE;
				GCC_WARN_UNUSED_FUNCTION = YES;
				GCC_WARN_UNUSED_VARIABLE = YES;
				IPHONEOS_DEPLOYMENT_TARGET = 10.2;
				MTL_ENABLE_DEBUG_INFO = YES;
				ONLY_ACTIVE_ARCH = YES;
				SDKROOT = iphoneos;
				SWIFT_ACTIVE_COMPILATION_CONDITIONS = DEBUG;
				SWIFT_OPTIMIZATION_LEVEL = "-Onone";
				TARGETED_DEVICE_FAMILY = "1,2";
			};
			name = Debug;
		};
		D34873C61E1314F50083331C /* Release */ = {
			isa = XCBuildConfiguration;
			buildSettings = {
				ALWAYS_SEARCH_USER_PATHS = NO;
				CLANG_ANALYZER_NONNULL = YES;
				CLANG_CXX_LANGUAGE_STANDARD = "gnu++0x";
				CLANG_CXX_LIBRARY = "libc++";
				CLANG_ENABLE_MODULES = YES;
				CLANG_ENABLE_OBJC_ARC = YES;
				CLANG_WARN_BOOL_CONVERSION = YES;
				CLANG_WARN_CONSTANT_CONVERSION = YES;
				CLANG_WARN_DIRECT_OBJC_ISA_USAGE = YES_ERROR;
				CLANG_WARN_DOCUMENTATION_COMMENTS = YES;
				CLANG_WARN_EMPTY_BODY = YES;
				CLANG_WARN_ENUM_CONVERSION = YES;
				CLANG_WARN_INFINITE_RECURSION = YES;
				CLANG_WARN_INT_CONVERSION = YES;
				CLANG_WARN_OBJC_ROOT_CLASS = YES_ERROR;
				CLANG_WARN_SUSPICIOUS_MOVE = YES;
				CLANG_WARN_UNREACHABLE_CODE = YES;
				CLANG_WARN__DUPLICATE_METHOD_MATCH = YES;
				"CODE_SIGN_IDENTITY[sdk=iphoneos*]" = "iPhone Developer";
				COPY_PHASE_STRIP = NO;
				DEBUG_INFORMATION_FORMAT = "dwarf-with-dsym";
				ENABLE_NS_ASSERTIONS = NO;
				ENABLE_STRICT_OBJC_MSGSEND = YES;
				GCC_C_LANGUAGE_STANDARD = gnu99;
				GCC_NO_COMMON_BLOCKS = YES;
				GCC_WARN_64_TO_32_BIT_CONVERSION = YES;
				GCC_WARN_ABOUT_RETURN_TYPE = YES_ERROR;
				GCC_WARN_UNDECLARED_SELECTOR = YES;
				GCC_WARN_UNINITIALIZED_AUTOS = YES_AGGRESSIVE;
				GCC_WARN_UNUSED_FUNCTION = YES;
				GCC_WARN_UNUSED_VARIABLE = YES;
				IPHONEOS_DEPLOYMENT_TARGET = 10.2;
				MTL_ENABLE_DEBUG_INFO = NO;
				SDKROOT = iphoneos;
				SWIFT_OPTIMIZATION_LEVEL = "-Owholemodule";
				TARGETED_DEVICE_FAMILY = "1,2";
				VALIDATE_PRODUCT = YES;
			};
			name = Release;
		};
		D34873C81E1314F50083331C /* Debug */ = {
			isa = XCBuildConfiguration;
			baseConfigurationReference = 28F8545B7F92C9CE6CDCEEB0 /* Pods-good.debug.xcconfig */;
			buildSettings = {
				ALWAYS_EMBED_SWIFT_STANDARD_LIBRARIES = YES;
				ASSETCATALOG_COMPILER_APPICON_NAME = AppIcon;
				CODE_SIGN_ENTITLEMENTS = good/good.entitlements;
				DEVELOPMENT_TEAM = R279MP7D2B;
				INFOPLIST_FILE = good/Info.plist;
				IPHONEOS_DEPLOYMENT_TARGET = 10.0;
				LD_RUNPATH_SEARCH_PATHS = "$(inherited) @executable_path/Frameworks";
				PRODUCT_BUNDLE_IDENTIFIER = com.goodBrian.goodgood;
				PRODUCT_NAME = "$(TARGET_NAME)";
				SWIFT_VERSION = 3.0;
			};
			name = Debug;
		};
		D34873C91E1314F50083331C /* Release */ = {
			isa = XCBuildConfiguration;
			baseConfigurationReference = 5138649D8647B26A5A9E6426 /* Pods-good.release.xcconfig */;
			buildSettings = {
				ALWAYS_EMBED_SWIFT_STANDARD_LIBRARIES = YES;
				ASSETCATALOG_COMPILER_APPICON_NAME = AppIcon;
				CODE_SIGN_ENTITLEMENTS = good/good.entitlements;
				DEVELOPMENT_TEAM = R279MP7D2B;
				INFOPLIST_FILE = good/Info.plist;
				IPHONEOS_DEPLOYMENT_TARGET = 10.0;
				LD_RUNPATH_SEARCH_PATHS = "$(inherited) @executable_path/Frameworks";
				PRODUCT_BUNDLE_IDENTIFIER = com.goodBrian.goodgood;
				PRODUCT_NAME = "$(TARGET_NAME)";
				SWIFT_VERSION = 3.0;
			};
			name = Release;
		};
/* End XCBuildConfiguration section */

/* Begin XCConfigurationList section */
		D34873AD1E1314F50083331C /* Build configuration list for PBXProject "good" */ = {
			isa = XCConfigurationList;
			buildConfigurations = (
				D34873C51E1314F50083331C /* Debug */,
				D34873C61E1314F50083331C /* Release */,
			);
			defaultConfigurationIsVisible = 0;
			defaultConfigurationName = Release;
		};
		D34873C71E1314F50083331C /* Build configuration list for PBXNativeTarget "good" */ = {
			isa = XCConfigurationList;
			buildConfigurations = (
				D34873C81E1314F50083331C /* Debug */,
				D34873C91E1314F50083331C /* Release */,
			);
			defaultConfigurationIsVisible = 0;
			defaultConfigurationName = Release;
		};
/* End XCConfigurationList section */

/* Begin XCVersionGroup section */
		D34873BC1E1314F50083331C /* good.xcdatamodeld */ = {
			isa = XCVersionGroup;
			children = (
				D34873BD1E1314F50083331C /* good.xcdatamodel */,
			);
			currentVersion = D34873BD1E1314F50083331C /* good.xcdatamodel */;
			path = good.xcdatamodeld;
			sourceTree = "<group>";
			versionGroupType = wrapper.xcdatamodel;
		};
/* End XCVersionGroup section */
	};
	rootObject = D34873AA1E1314F50083331C /* Project object */;
}
